
Microsoft Visual Studio Solution File, Format Version 12.00
# Visual Studio Version 17
VisualStudioVersion = 17.14.36212.18 d17.14
MinimumVisualStudioVersion = 10.0.40219.1
Project("{FAE04EC0-301F-11D3-BF4B-00C04F79EFBC}") = "PharmacyBackend", "PharmacyBackend.csproj", "{6F5A4D31-80EF-217D-8EA7-E5FE887BD032}"
EndProject
Global
	GlobalSection(SolutionConfigurationPlatforms) = preSolution
		Debug|Any CPU = Debug|Any CPU
		Release|Any CPU = Release|Any CPU
	EndGlobalSection
	GlobalSection(ProjectConfigurationPlatforms) = postSolution
		{6F5A4D31-80EF-217D-8EA7-E5FE887BD032}.Debug|Any CPU.ActiveCfg = Debug|Any CPU
		{6F5A4D31-80EF-217D-8EA7-E5FE887BD032}.Debug|Any CPU.Build.0 = Debug|Any CPU
		{6F5A4D31-80EF-217D-8EA7-E5FE887BD032}.Release|Any CPU.ActiveCfg = Release|Any CPU
		{6F5A4D31-80EF-217D-8EA7-E5FE887BD032}.Release|Any CPU.Build.0 = Release|Any CPU
	EndGlobalSection
	GlobalSection(SolutionProperties) = preSolution
		HideSolutionNode = FALSE
	EndGlobalSection
	GlobalSection(ExtensibilityGlobals) = postSolution
		SolutionGuid = {32E82D34-B5A9-4BBA-BC07-6C242E02C2E3}
	EndGlobalSection
EndGlobal
